{
  "name": "basvuru-zyp",
  "version": "1.0.0",
  "lockfileVersion": 3,
  "requires": true,
  "packages": {
    "": {
      "name": "basvuru-zyp",
      "version": "1.0.0",
      "license": "ISC",
      "dependencies": {
        "croxydb": "^0.0.26",
        "ms": "^2.1.3"
      }
    },
    "node_modules/croxydb": {
      "version": "0.0.26",
      "resolved": "https://registry.npmjs.org/croxydb/-/croxydb-0.0.26.tgz",
      "integrity": "sha512-ehQURdIiSLNPv812RyVoKk/pw2MQCXyrLCd4R77B0ohX506aSH1FVdyDLH7nFd7zUISxgRj1NRUzLj9P7oTCQg==",
      "license": "MIT"
    },
    "node_modules/ms": {
      "version": "2.1.3",
      "resolved": "https://registry.npmjs.org/ms/-/ms-2.1.3.tgz",
      "integrity": "sha512-6FlzubTLZG3J2a/NVCAleEhjzq5oxgHyaCU9yYXvcLsvoVaHJq/s5xXI6/XXP6tz7R9xAOtHnSO/tXtF3WRTlA==",
      "license": "MIT"
    }
  }
}
